<Solution>
  <Folder Name="/src/">
    <Project Path="src/JobBoard.Api/JobBoard.Api.csproj" />
    <Project Path="src/JobBoard.Application/JobBoard.Application.csproj" />
    <Project Path="src/JobBoard.Domain/JobBoard.Domain.csproj" />
    <Project Path="src/JobBoard.Infrastructure/JobBoard.Infrastructure.csproj" />
    <Project Path="src/JobBoard.Persistence/JobBoard.Persistence.csproj" />
  </Folder>
</Solution>
